
Microsoft Visual Studio Solution File, Format Version 12.00
# Visual Studio Version 17
VisualStudioVersion = 17.5.002.0
MinimumVisualStudioVersion = 10.0.40219.1
Project("{9A19103F-16F7-4668-BE54-9A1E7A4F7556}") = "24", "24.csproj", "{2C5D3861-3853-4BD6-B723-685873CF29CD}"
EndProject
Global
	GlobalSection(SolutionConfigurationPlatforms) = preSolution
		Debug|Any CPU = Debug|Any CPU
		Release|Any CPU = Release|Any CPU
	EndGlobalSection
	GlobalSection(ProjectConfigurationPlatforms) = postSolution
		{2C5D3861-3853-4BD6-B723-685873CF29CD}.Debug|Any CPU.ActiveCfg = Debug|Any CPU
		{2C5D3861-3853-4BD6-B723-685873CF29CD}.Debug|Any CPU.Build.0 = Debug|Any CPU
		{2C5D3861-3853-4BD6-B723-685873CF29CD}.Release|Any CPU.ActiveCfg = Release|Any CPU
		{2C5D3861-3853-4BD6-B723-685873CF29CD}.Release|Any CPU.Build.0 = Release|Any CPU
	EndGlobalSection
	GlobalSection(SolutionProperties) = preSolution
		HideSolutionNode = FALSE
	EndGlobalSection
	GlobalSection(ExtensibilityGlobals) = postSolution
		SolutionGuid = {4FC51F2B-7F3B-474C-82CD-3F893B8FAEE5}
	EndGlobalSection
EndGlobal
