Microsoft Visual Studio Solution File, Format Version 12.00
# Visual Studio Version 17
VisualStudioVersion = 17.5.2.0
MinimumVisualStudioVersion = 10.0.40219.1
Project("{FAE04EC0-301F-11D3-BF4B-00C04F79EFBC}") = "01", "01.csproj", "{B878E15B-1F5D-CDED-6C0A-CC2FBB0084BF}"
EndProject
Project("{FAE04EC0-301F-11D3-BF4B-00C04F79EFBC}") = "Tests", "Tests\Tests.csproj", "{9CF47860-2CEA-F379-09D8-9AEF27965D12}"
EndProject
Global
	GlobalSection(SolutionConfigurationPlatforms) = preSolution
		Debug|Any CPU = Debug|Any CPU
		Release|Any CPU = Release|Any CPU
	EndGlobalSection
	GlobalSection(ProjectConfigurationPlatforms) = postSolution
		{B878E15B-1F5D-CDED-6C0A-CC2FBB0084BF}.Debug|Any CPU.ActiveCfg = Debug|Any CPU
		{B878E15B-1F5D-CDED-6C0A-CC2FBB0084BF}.Debug|Any CPU.Build.0 = Debug|Any CPU
		{B878E15B-1F5D-CDED-6C0A-CC2FBB0084BF}.Release|Any CPU.ActiveCfg = Release|Any CPU
		{B878E15B-1F5D-CDED-6C0A-CC2FBB0084BF}.Release|Any CPU.Build.0 = Release|Any CPU
		{9CF47860-2CEA-F379-09D8-9AEF27965D12}.Debug|Any CPU.ActiveCfg = Debug|Any CPU
		{9CF47860-2CEA-F379-09D8-9AEF27965D12}.Debug|Any CPU.Build.0 = Debug|Any CPU
		{9CF47860-2CEA-F379-09D8-9AEF27965D12}.Release|Any CPU.ActiveCfg = Release|Any CPU
		{9CF47860-2CEA-F379-09D8-9AEF27965D12}.Release|Any CPU.Build.0 = Release|Any CPU
	EndGlobalSection
	GlobalSection(SolutionProperties) = preSolution
		HideSolutionNode = FALSE
	EndGlobalSection
	GlobalSection(ExtensibilityGlobals) = postSolution
		SolutionGuid = {9334C9C4-DC06-4A21-85BD-7451C0AA440D}
	EndGlobalSection
EndGlobal
